// !$*UTF8*$!
{
	archiveVersion = 1;
	classes = {
	};
	objectVersion = 50;
	objects = {

/* Begin PBXBuildFile section */
		56157C6FCF9D21759C940E36 /* Pods_Pwd_Safe.framework in Frameworks */ = {isa = PBXBuildFile; fileRef = 7ABF0428368957F5B25ADEE5 /* Pods_Pwd_Safe.framework */; };
		ABD71EAD221599D200F194E6 /* AppDelegate.swift in Sources */ = {isa = PBXBuildFile; fileRef = ABD71EAC221599D200F194E6 /* AppDelegate.swift */; };
		ABD71EAF221599D200F194E6 /* ViewController.swift in Sources */ = {isa = PBXBuildFile; fileRef = ABD71EAE221599D200F194E6 /* ViewController.swift */; };
		ABD71EB2221599D200F194E6 /* Main.storyboard in Resources */ = {isa = PBXBuildFile; fileRef = ABD71EB0221599D200F194E6 /* Main.storyboard */; };
		ABD71EB4221599D400F194E6 /* Assets.xcassets in Resources */ = {isa = PBXBuildFile; fileRef = ABD71EB3221599D400F194E6 /* Assets.xcassets */; };
		ABD71EB7221599D400F194E6 /* LaunchScreen.storyboard in Resources */ = {isa = PBXBuildFile; fileRef = ABD71EB5221599D400F194E6 /* LaunchScreen.storyboard */; };
		ABD71EC02215A18500F194E6 /* Credentials.swift in Sources */ = {isa = PBXBuildFile; fileRef = ABD71EBF2215A18500F194E6 /* Credentials.swift */; };
		ABD71EC22215A41A00F194E6 /* CredentialsManager.swift in Sources */ = {isa = PBXBuildFile; fileRef = ABD71EC12215A41A00F194E6 /* CredentialsManager.swift */; };
		ABD71EC42215B20200F194E6 /* CredentialListViewController.swift in Sources */ = {isa = PBXBuildFile; fileRef = ABD71EC32215B20200F194E6 /* CredentialListViewController.swift */; };
		ABD71EC62215BA7800F194E6 /* EditCredentialViewController.swift in Sources */ = {isa = PBXBuildFile; fileRef = ABD71EC52215BA7800F194E6 /* EditCredentialViewController.swift */; };
/* End PBXBuildFile section */

/* Begin PBXFileReference section */
		3F6722C891E94B8B1B9A0B55 /* Pods-Pwd Safe.release.xcconfig */ = {isa = PBXFileReference; includeInIndex = 1; lastKnownFileType = text.xcconfig; name = "Pods-Pwd Safe.release.xcconfig"; path = "Pods/Target Support Files/Pods-Pwd Safe/Pods-Pwd Safe.release.xcconfig"; sourceTree = "<group>"; };
		7ABF0428368957F5B25ADEE5 /* Pods_Pwd_Safe.framework */ = {isa = PBXFileReference; explicitFileType = wrapper.framework; includeInIndex = 0; path = Pods_Pwd_Safe.framework; sourceTree = BUILT_PRODUCTS_DIR; };
		ABD71EA9221599D200F194E6 /* Pwd Safe.app */ = {isa = PBXFileReference; explicitFileType = wrapper.application; includeInIndex = 0; path = "Pwd Safe.app"; sourceTree = BUILT_PRODUCTS_DIR; };
		ABD71EAC221599D200F194E6 /* AppDelegate.swift */ = {isa = PBXFileReference; lastKnownFileType = sourcecode.swift; path = AppDelegate.swift; sourceTree = "<group>"; };
		ABD71EAE221599D200F194E6 /* ViewController.swift */ = {isa = PBXFileReference; lastKnownFileType = sourcecode.swift; path = ViewController.swift; sourceTree = "<group>"; };
		ABD71EB1221599D200F194E6 /* Base */ = {isa = PBXFileReference; lastKnownFileType = file.storyboard; name = Base; path = Base.lproj/Main.storyboard; sourceTree = "<group>"; };
		ABD71EB3221599D400F194E6 /* Assets.xcassets */ = {isa = PBXFileReference; lastKnownFileType = folder.assetcatalog; path = Assets.xcassets; sourceTree = "<group>"; };
		ABD71EB6221599D400F194E6 /* Base */ = {isa = PBXFileReference; lastKnownFileType = file.storyboard; name = Base; path = Base.lproj/LaunchScreen.storyboard; sourceTree = "<group>"; };
		ABD71EB8221599D400F194E6 /* Info.plist */ = {isa = PBXFileReference; lastKnownFileType = text.plist.xml; path = Info.plist; sourceTree = "<group>"; };
		ABD71EBF2215A18500F194E6 /* Credentials.swift */ = {isa = PBXFileReference; lastKnownFileType = sourcecode.swift; path = Credentials.swift; sourceTree = "<group>"; };
		ABD71EC12215A41A00F194E6 /* CredentialsManager.swift */ = {isa = PBXFileReference; lastKnownFileType = sourcecode.swift; path = CredentialsManager.swift; sourceTree = "<group>"; };
		ABD71EC32215B20200F194E6 /* CredentialListViewController.swift */ = {isa = PBXFileReference; lastKnownFileType = sourcecode.swift; path = CredentialListViewController.swift; sourceTree = "<group>"; };
		ABD71EC52215BA7800F194E6 /* EditCredentialViewController.swift */ = {isa = PBXFileReference; lastKnownFileType = sourcecode.swift; path = EditCredentialViewController.swift; sourceTree = "<group>"; };
		C5972B0F2D6BCF19782E0E73 /* Pods-Pwd Safe.debug.xcconfig */ = {isa = PBXFileReference; includeInIndex = 1; lastKnownFileType = text.xcconfig; name = "Pods-Pwd Safe.debug.xcconfig"; path = "Pods/Target Support Files/Pods-Pwd Safe/Pods-Pwd Safe.debug.xcconfig"; sourceTree = "<group>"; };
/* End PBXFileReference section */

/* Begin PBXFrameworksBuildPhase section */
		ABD71EA6221599D200F194E6 /* Frameworks */ = {
			isa = PBXFrameworksBuildPhase;
			buildActionMask = 2147483647;
			files = (
				56157C6FCF9D21759C940E36 /* Pods_Pwd_Safe.framework in Frameworks */,
			);
			runOnlyForDeploymentPostprocessing = 0;
		};
/* End PBXFrameworksBuildPhase section */

/* Begin PBXGroup section */
		26A6A88D6B3544DECD4CF594 /* Pods */ = {
			isa = PBXGroup;
			children = (
				C5972B0F2D6BCF19782E0E73 /* Pods-Pwd Safe.debug.xcconfig */,
				3F6722C891E94B8B1B9A0B55 /* Pods-Pwd Safe.release.xcconfig */,
			);
			name = Pods;
			sourceTree = "<group>";
		};
		3646E13F4BDE079294DD9BB6 /* Frameworks */ = {
			isa = PBXGroup;
			children = (
				7ABF0428368957F5B25ADEE5 /* Pods_Pwd_Safe.framework */,
			);
			name = Frameworks;
			sourceTree = "<group>";
		};
		ABD71EA0221599D200F194E6 = {
			isa = PBXGroup;
			children = (
				ABD71EAB221599D200F194E6 /* Pwd Safe */,
				ABD71EAA221599D200F194E6 /* Products */,
				26A6A88D6B3544DECD4CF594 /* Pods */,
				3646E13F4BDE079294DD9BB6 /* Frameworks */,
			);
			sourceTree = "<group>";
		};
		ABD71EAA221599D200F194E6 /* Products */ = {
			isa = PBXGroup;
			children = (
				ABD71EA9221599D200F194E6 /* Pwd Safe.app */,
			);
			name = Products;
			sourceTree = "<group>";
		};
		ABD71EAB221599D200F194E6 /* Pwd Safe */ = {
			isa = PBXGroup;
			children = (
				ABD71EBE2215A15300F194E6 /* Model */,
				ABD71EAC221599D200F194E6 /* AppDelegate.swift */,
				ABD71EAE221599D200F194E6 /* ViewController.swift */,
				ABD71EB0221599D200F194E6 /* Main.storyboard */,
				ABD71EB3221599D400F194E6 /* Assets.xcassets */,
				ABD71EB5221599D400F194E6 /* LaunchScreen.storyboard */,
				ABD71EB8221599D400F194E6 /* Info.plist */,
				ABD71EC32215B20200F194E6 /* CredentialListViewController.swift */,
				ABD71EC52215BA7800F194E6 /* EditCredentialViewController.swift */,
			);
			path = "Pwd Safe";
			sourceTree = "<group>";
		};
		ABD71EBE2215A15300F194E6 /* Model */ = {
			isa = PBXGroup;
			children = (
				ABD71EBF2215A18500F194E6 /* Credentials.swift */,
				ABD71EC12215A41A00F194E6 /* CredentialsManager.swift */,
			);
			path = Model;
			sourceTree = "<group>";
		};
/* End PBXGroup section */

/* Begin PBXNativeTarget section */
		ABD71EA8221599D200F194E6 /* Pwd Safe */ = {
			isa = PBXNativeTarget;
			buildConfigurationList = ABD71EBB221599D400F194E6 /* Build configuration list for PBXNativeTarget "Pwd Safe" */;
			buildPhases = (
				ECFD6F659356389721439F9F /* [CP] Check Pods Manifest.lock */,
				ABD71EA5221599D200F194E6 /* Sources */,
				ABD71EA6221599D200F194E6 /* Frameworks */,
				ABD71EA7221599D200F194E6 /* Resources */,
				9D46E87C57B2FC57F63EA900 /* [CP] Embed Pods Frameworks */,
			);
			buildRules = (
			);
			dependencies = (
			);
			name = "Pwd Safe";
			productName = "Pwd Safe";
			productReference = ABD71EA9221599D200F194E6 /* Pwd Safe.app */;
			productType = "com.apple.product-type.application";
		};
/* End PBXNativeTarget section */

/* Begin PBXProject section */
		ABD71EA1221599D200F194E6 /* Project object */ = {
			isa = PBXProject;
			attributes = {
				LastSwiftUpdateCheck = 1010;
				LastUpgradeCheck = 1010;
				ORGANIZATIONNAME = iFlash;
				TargetAttributes = {
					ABD71EA8221599D200F194E6 = {
						CreatedOnToolsVersion = 10.1;
					};
				};
			};
			buildConfigurationList = ABD71EA4221599D200F194E6 /* Build configuration list for PBXProject "Pwd Safe" */;
			compatibilityVersion = "Xcode 9.3";
			developmentRegion = en;
			hasScannedForEncodings = 0;
			knownRegions = (
				en,
				Base,
			);
			mainGroup = ABD71EA0221599D200F194E6;
			productRefGroup = ABD71EAA221599D200F194E6 /* Products */;
			projectDirPath = "";
			projectRoot = "";
			targets = (
				ABD71EA8221599D200F194E6 /* Pwd Safe */,
			);
		};
/* End PBXProject section */

/* Begin PBXResourcesBuildPhase section */
		ABD71EA7221599D200F194E6 /* Resources */ = {
			isa = PBXResourcesBuildPhase;
			buildActionMask = 2147483647;
			files = (
				ABD71EB7221599D400F194E6 /* LaunchScreen.storyboard in Resources */,
				ABD71EB4221599D400F194E6 /* Assets.xcassets in Resources */,
				ABD71EB2221599D200F194E6 /* Main.storyboard in Resources */,
			);
			runOnlyForDeploymentPostprocessing = 0;
		};
/* End PBXResourcesBuildPhase section */

/* Begin PBXShellScriptBuildPhase section */
		9D46E87C57B2FC57F63EA900 /* [CP] Embed Pods Frameworks */ = {
			isa = PBXShellScriptBuildPhase;
			buildActionMask = 2147483647;
			files = (
			);
			inputPaths = (
				"${SRCROOT}/Pods/Target Support Files/Pods-Pwd Safe/Pods-Pwd Safe-frameworks.sh",
				"${BUILT_PRODUCTS_DIR}/Realm/Realm.framework",
				"${BUILT_PRODUCTS_DIR}/RealmSwift/RealmSwift.framework",
			);
			name = "[CP] Embed Pods Frameworks";
			outputPaths = (
				"${TARGET_BUILD_DIR}/${FRAMEWORKS_FOLDER_PATH}/Realm.framework",
				"${TARGET_BUILD_DIR}/${FRAMEWORKS_FOLDER_PATH}/RealmSwift.framework",
			);
			runOnlyForDeploymentPostprocessing = 0;
			shellPath = /bin/sh;
			shellScript = "\"${SRCROOT}/Pods/Target Support Files/Pods-Pwd Safe/Pods-Pwd Safe-frameworks.sh\"\n";
			showEnvVarsInLog = 0;
		};
		ECFD6F659356389721439F9F /* [CP] Check Pods Manifest.lock */ = {
			isa = PBXShellScriptBuildPhase;
			buildActionMask = 2147483647;
			files = (
			);
			inputPaths = (
				"${PODS_PODFILE_DIR_PATH}/Podfile.lock",
				"${PODS_ROOT}/Manifest.lock",
			);
			name = "[CP] Check Pods Manifest.lock";
			outputPaths = (
				"$(DERIVED_FILE_DIR)/Pods-Pwd Safe-checkManifestLockResult.txt",
			);
			runOnlyForDeploymentPostprocessing = 0;
			shellPath = /bin/sh;
			shellScript = "diff \"${PODS_PODFILE_DIR_PATH}/Podfile.lock\" \"${PODS_ROOT}/Manifest.lock\" > /dev/null\nif [ $? != 0 ] ; then\n    # print error to STDERR\n    echo \"error: The sandbox is not in sync with the Podfile.lock. Run 'pod install' or update your CocoaPods installation.\" >&2\n    exit 1\nfi\n# This output is used by Xcode 'outputs' to avoid re-running this script phase.\necho \"SUCCESS\" > \"${SCRIPT_OUTPUT_FILE_0}\"\n";
			showEnvVarsInLog = 0;
		};
/* End PBXShellScriptBuildPhase section */

/* Begin PBXSourcesBuildPhase section */
		ABD71EA5221599D200F194E6 /* Sources */ = {
			isa = PBXSourcesBuildPhase;
			buildActionMask = 2147483647;
			files = (
				ABD71EC22215A41A00F194E6 /* CredentialsManager.swift in Sources */,
				ABD71EC02215A18500F194E6 /* Credentials.swift in Sources */,
				ABD71EAF221599D200F194E6 /* ViewController.swift in Sources */,
				ABD71EC62215BA7800F194E6 /* EditCredentialViewController.swift in Sources */,
				ABD71EAD221599D200F194E6 /* AppDelegate.swift in Sources */,
				ABD71EC42215B20200F194E6 /* CredentialListViewController.swift in Sources */,
			);
			runOnlyForDeploymentPostprocessing = 0;
		};
/* End PBXSourcesBuildPhase section */

/* Begin PBXVariantGroup section */
		ABD71EB0221599D200F194E6 /* Main.storyboard */ = {
			isa = PBXVariantGroup;
			children = (
				ABD71EB1221599D200F194E6 /* Base */,
			);
			name = Main.storyboard;
			sourceTree = "<group>";
		};
		ABD71EB5221599D400F194E6 /* LaunchScreen.storyboard */ = {
			isa = PBXVariantGroup;
			children = (
				ABD71EB6221599D400F194E6 /* Base */,
			);
			name = LaunchScreen.storyboard;
			sourceTree = "<group>";
		};
/* End PBXVariantGroup section */

/* Begin XCBuildConfiguration section */
		ABD71EB9221599D400F194E6 /* Debug */ = {
			isa = XCBuildConfiguration;
			buildSettings = {
				ALWAYS_SEARCH_USER_PATHS = NO;
				CLANG_ANALYZER_NONNULL = YES;
				CLANG_ANALYZER_NUMBER_OBJECT_CONVERSION = YES_AGGRESSIVE;
				CLANG_CXX_LANGUAGE_STANDARD = "gnu++14";
				CLANG_CXX_LIBRARY = "libc++";
				CLANG_ENABLE_MODULES = YES;
				CLANG_ENABLE_OBJC_ARC = YES;
				CLANG_ENABLE_OBJC_WEAK = YES;
				CLANG_WARN_BLOCK_CAPTURE_AUTORELEASING = YES;
				CLANG_WARN_BOOL_CONVERSION = YES;
				CLANG_WARN_COMMA = YES;
				CLANG_WARN_CONSTANT_CONVERSION = YES;
				CLANG_WARN_DEPRECATED_OBJC_IMPLEMENTATIONS = YES;
				CLANG_WARN_DIRECT_OBJC_ISA_USAGE = YES_ERROR;
				CLANG_WARN_DOCUMENTATION_COMMENTS = YES;
				CLANG_WARN_EMPTY_BODY = YES;
				CLANG_WARN_ENUM_CONVERSION = YES;
				CLANG_WARN_INFINITE_RECURSION = YES;
				CLANG_WARN_INT_CONVERSION = YES;
				CLANG_WARN_NON_LITERAL_NULL_CONVERSION = YES;
				CLANG_WARN_OBJC_IMPLICIT_RETAIN_SELF = YES;
				CLANG_WARN_OBJC_LITERAL_CONVERSION = YES;
				CLANG_WARN_OBJC_ROOT_CLASS = YES_ERROR;
				CLANG_WARN_RANGE_LOOP_ANALYSIS = YES;
				CLANG_WARN_STRICT_PROTOTYPES = YES;
				CLANG_WARN_SUSPICIOUS_MOVE = YES;
				CLANG_WARN_UNGUARDED_AVAILABILITY = YES_AGGRESSIVE;
				CLANG_WARN_UNREACHABLE_CODE = YES;
				CLANG_WARN__DUPLICATE_METHOD_MATCH = YES;
				CODE_SIGN_IDENTITY = "iPhone Developer";
				COPY_PHASE_STRIP = NO;
				DEBUG_INFORMATION_FORMAT = dwarf;
				ENABLE_STRICT_OBJC_MSGSEND = YES;
				ENABLE_TESTABILITY = YES;
				GCC_C_LANGUAGE_STANDARD = gnu11;
				GCC_DYNAMIC_NO_PIC = NO;
				GCC_NO_COMMON_BLOCKS = YES;
				GCC_OPTIMIZATION_LEVEL = 0;
				GCC_PREPROCESSOR_DEFINITIONS = (
					"DEBUG=1",
					"$(inherited)",
				);
				GCC_WARN_64_TO_32_BIT_CONVERSION = YES;
				GCC_WARN_ABOUT_RETURN_TYPE = YES_ERROR;
				GCC_WARN_UNDECLARED_SELECTOR = YES;
				GCC_WARN_UNINITIALIZED_AUTOS = YES_AGGRESSIVE;
				GCC_WARN_UNUSED_FUNCTION = YES;
				GCC_WARN_UNUSED_VARIABLE = YES;
				IPHONEOS_DEPLOYMENT_TARGET = 12.1;
				MTL_ENABLE_DEBUG_INFO = INCLUDE_SOURCE;
				MTL_FAST_MATH = YES;
				ONLY_ACTIVE_ARCH = YES;
				SDKROOT = iphoneos;
				SWIFT_ACTIVE_COMPILATION_CONDITIONS = DEBUG;
				SWIFT_OPTIMIZATION_LEVEL = "-Onone";
			};
			name = Debug;
		};
		ABD71EBA221599D400F194E6 /* Release */ = {
			isa = XCBuildConfiguration;
			buildSettings = {
				ALWAYS_SEARCH_USER_PATHS = NO;
				CLANG_ANALYZER_NONNULL = YES;
				CLANG_ANALYZER_NUMBER_OBJECT_CONVERSION = YES_AGGRESSIVE;
				CLANG_CXX_LANGUAGE_STANDARD = "gnu++14";
				CLANG_CXX_LIBRARY = "libc++";
				CLANG_ENABLE_MODULES = YES;
				CLANG_ENABLE_OBJC_ARC = YES;
				CLANG_ENABLE_OBJC_WEAK = YES;
				CLANG_WARN_BLOCK_CAPTURE_AUTORELEASING = YES;
				CLANG_WARN_BOOL_CONVERSION = YES;
				CLANG_WARN_COMMA = YES;
				CLANG_WARN_CONSTANT_CONVERSION = YES;
				CLANG_WARN_DEPRECATED_OBJC_IMPLEMENTATIONS = YES;
				CLANG_WARN_DIRECT_OBJC_ISA_USAGE = YES_ERROR;
				CLANG_WARN_DOCUMENTATION_COMMENTS = YES;
				CLANG_WARN_EMPTY_BODY = YES;
				CLANG_WARN_ENUM_CONVERSION = YES;
				CLANG_WARN_INFINITE_RECURSION = YES;
				CLANG_WARN_INT_CONVERSION = YES;
				CLANG_WARN_NON_LITERAL_NULL_CONVERSION = YES;
				CLANG_WARN_OBJC_IMPLICIT_RETAIN_SELF = YES;
				CLANG_WARN_OBJC_LITERAL_CONVERSION = YES;
				CLANG_WARN_OBJC_ROOT_CLASS = YES_ERROR;
				CLANG_WARN_RANGE_LOOP_ANALYSIS = YES;
				CLANG_WARN_STRICT_PROTOTYPES = YES;
				CLANG_WARN_SUSPICIOUS_MOVE = YES;
				CLANG_WARN_UNGUARDED_AVAILABILITY = YES_AGGRESSIVE;
				CLANG_WARN_UNREACHABLE_CODE = YES;
				CLANG_WARN__DUPLICATE_METHOD_MATCH = YES;
				CODE_SIGN_IDENTITY = "iPhone Developer";
				COPY_PHASE_STRIP = NO;
				DEBUG_INFORMATION_FORMAT = "dwarf-with-dsym";
				ENABLE_NS_ASSERTIONS = NO;
				ENABLE_STRICT_OBJC_MSGSEND = YES;
				GCC_C_LANGUAGE_STANDARD = gnu11;
				GCC_NO_COMMON_BLOCKS = YES;
				GCC_WARN_64_TO_32_BIT_CONVERSION = YES;
				GCC_WARN_ABOUT_RETURN_TYPE = YES_ERROR;
				GCC_WARN_UNDECLARED_SELECTOR = YES;
				GCC_WARN_UNINITIALIZED_AUTOS = YES_AGGRESSIVE;
				GCC_WARN_UNUSED_FUNCTION = YES;
				GCC_WARN_UNUSED_VARIABLE = YES;
				IPHONEOS_DEPLOYMENT_TARGET = 12.1;
				MTL_ENABLE_DEBUG_INFO = NO;
				MTL_FAST_MATH = YES;
				SDKROOT = iphoneos;
				SWIFT_COMPILATION_MODE = wholemodule;
				SWIFT_OPTIMIZATION_LEVEL = "-O";
				VALIDATE_PRODUCT = YES;
			};
			name = Release;
		};
		ABD71EBC221599D400F194E6 /* Debug */ = {
			isa = XCBuildConfiguration;
			baseConfigurationReference = C5972B0F2D6BCF19782E0E73 /* Pods-Pwd Safe.debug.xcconfig */;
			buildSettings = {
				ASSETCATALOG_COMPILER_APPICON_NAME = AppIcon;
				CODE_SIGN_STYLE = Automatic;
				DEVELOPMENT_TEAM = 9Y39GPHY9L;
				INFOPLIST_FILE = "Pwd Safe/Info.plist";
				LD_RUNPATH_SEARCH_PATHS = (
					"$(inherited)",
					"@executable_path/Frameworks",
				);
				PRODUCT_BUNDLE_IDENTIFIER = "com.iflash.Pwd-Safe";
				PRODUCT_NAME = "$(TARGET_NAME)";
				SWIFT_VERSION = 4.2;
				TARGETED_DEVICE_FAMILY = "1,2";
			};
			name = Debug;
		};
		ABD71EBD221599D400F194E6 /* Release */ = {
			isa = XCBuildConfiguration;
			baseConfigurationReference = 3F6722C891E94B8B1B9A0B55 /* Pods-Pwd Safe.release.xcconfig */;
			buildSettings = {
				ASSETCATALOG_COMPILER_APPICON_NAME = AppIcon;
				CODE_SIGN_STYLE = Automatic;
				DEVELOPMENT_TEAM = 9Y39GPHY9L;
				INFOPLIST_FILE = "Pwd Safe/Info.plist";
				LD_RUNPATH_SEARCH_PATHS = (
					"$(inherited)",
					"@executable_path/Frameworks",
				);
				PRODUCT_BUNDLE_IDENTIFIER = "com.iflash.Pwd-Safe";
				PRODUCT_NAME = "$(TARGET_NAME)";
				SWIFT_VERSION = 4.2;
				TARGETED_DEVICE_FAMILY = "1,2";
			};
			name = Release;
		};
/* End XCBuildConfiguration section */

/* Begin XCConfigurationList section */
		ABD71EA4221599D200F194E6 /* Build configuration list for PBXProject "Pwd Safe" */ = {
			isa = XCConfigurationList;
			buildConfigurations = (
				ABD71EB9221599D400F194E6 /* Debug */,
				ABD71EBA221599D400F194E6 /* Release */,
			);
			defaultConfigurationIsVisible = 0;
			defaultConfigurationName = Release;
		};
		ABD71EBB221599D400F194E6 /* Build configuration list for PBXNativeTarget "Pwd Safe" */ = {
			isa = XCConfigurationList;
			buildConfigurations = (
				ABD71EBC221599D400F194E6 /* Debug */,
				ABD71EBD221599D400F194E6 /* Release */,
			);
			defaultConfigurationIsVisible = 0;
			defaultConfigurationName = Release;
		};
/* End XCConfigurationList section */
	};
	rootObject = ABD71EA1221599D200F194E6 /* Project object */;
}
