// !$*UTF8*$!
{
	archiveVersion = 1;
	classes = {
	};
	objectVersion = 50;
	objects = {

/* Begin PBXBuildFile section */
		ABA6F9352201CFD200E6F98A /* AppDelegate.swift in Sources */ = {isa = PBXBuildFile; fileRef = ABA6F9342201CFD200E6F98A /* AppDelegate.swift */; };
		ABA6F9372201CFD200E6F98A /* ViewController.swift in Sources */ = {isa = PBXBuildFile; fileRef = ABA6F9362201CFD200E6F98A /* ViewController.swift */; };
		ABA6F93A2201CFD200E6F98A /* Main.storyboard in Resources */ = {isa = PBXBuildFile; fileRef = ABA6F9382201CFD200E6F98A /* Main.storyboard */; };
		ABA6F93F2201CFD300E6F98A /* LaunchScreen.storyboard in Resources */ = {isa = PBXBuildFile; fileRef = ABA6F93D2201CFD300E6F98A /* LaunchScreen.storyboard */; };
		ABA6F9472201E6D700E6F98A /* Balham.otf in Resources */ = {isa = PBXBuildFile; fileRef = ABA6F9462201E6D700E6F98A /* Balham.otf */; };
		ABA6F9492201ECE200E6F98A /* Assets.xcassets in Resources */ = {isa = PBXBuildFile; fileRef = ABA6F9482201ECE200E6F98A /* Assets.xcassets */; };
		ABA6F9502201F18000E6F98A /* Question.swift in Sources */ = {isa = PBXBuildFile; fileRef = ABA6F94F2201F18000E6F98A /* Question.swift */; };
/* End PBXBuildFile section */

/* Begin PBXFileReference section */
		ABA6F9312201CFD200E6F98A /* Qizzy.app */ = {isa = PBXFileReference; explicitFileType = wrapper.application; includeInIndex = 0; path = Qizzy.app; sourceTree = BUILT_PRODUCTS_DIR; };
		ABA6F9342201CFD200E6F98A /* AppDelegate.swift */ = {isa = PBXFileReference; lastKnownFileType = sourcecode.swift; path = AppDelegate.swift; sourceTree = "<group>"; };
		ABA6F9362201CFD200E6F98A /* ViewController.swift */ = {isa = PBXFileReference; lastKnownFileType = sourcecode.swift; path = ViewController.swift; sourceTree = "<group>"; };
		ABA6F9392201CFD200E6F98A /* Base */ = {isa = PBXFileReference; lastKnownFileType = file.storyboard; name = Base; path = Base.lproj/Main.storyboard; sourceTree = "<group>"; };
		ABA6F93E2201CFD300E6F98A /* Base */ = {isa = PBXFileReference; lastKnownFileType = file.storyboard; name = Base; path = Base.lproj/LaunchScreen.storyboard; sourceTree = "<group>"; };
		ABA6F9402201CFD300E6F98A /* Info.plist */ = {isa = PBXFileReference; lastKnownFileType = text.plist.xml; path = Info.plist; sourceTree = "<group>"; };
		ABA6F9462201E6D700E6F98A /* Balham.otf */ = {isa = PBXFileReference; lastKnownFileType = file; path = Balham.otf; sourceTree = "<group>"; };
		ABA6F9482201ECE200E6F98A /* Assets.xcassets */ = {isa = PBXFileReference; lastKnownFileType = folder.assetcatalog; path = Assets.xcassets; sourceTree = "<group>"; };
		ABA6F94F2201F18000E6F98A /* Question.swift */ = {isa = PBXFileReference; lastKnownFileType = sourcecode.swift; path = Question.swift; sourceTree = "<group>"; };
/* End PBXFileReference section */

/* Begin PBXFrameworksBuildPhase section */
		ABA6F92E2201CFD200E6F98A /* Frameworks */ = {
			isa = PBXFrameworksBuildPhase;
			buildActionMask = 2147483647;
			files = (
			);
			runOnlyForDeploymentPostprocessing = 0;
		};
/* End PBXFrameworksBuildPhase section */

/* Begin PBXGroup section */
		ABA6F9282201CFD200E6F98A = {
			isa = PBXGroup;
			children = (
				ABA6F9332201CFD200E6F98A /* Qizzy */,
				ABA6F9322201CFD200E6F98A /* Products */,
			);
			sourceTree = "<group>";
		};
		ABA6F9322201CFD200E6F98A /* Products */ = {
			isa = PBXGroup;
			children = (
				ABA6F9312201CFD200E6F98A /* Qizzy.app */,
			);
			name = Products;
			sourceTree = "<group>";
		};
		ABA6F9332201CFD200E6F98A /* Qizzy */ = {
			isa = PBXGroup;
			children = (
				ABA6F94A2201EFD900E6F98A /* Model */,
				ABA6F94D2201EFFB00E6F98A /* Controller */,
				ABA6F94B2201EFE700E6F98A /* View */,
				ABA6F94E2201F07500E6F98A /* Ressources */,
			);
			path = Qizzy;
			sourceTree = "<group>";
		};
		ABA6F94A2201EFD900E6F98A /* Model */ = {
			isa = PBXGroup;
			children = (
				ABA6F94F2201F18000E6F98A /* Question.swift */,
			);
			path = Model;
			sourceTree = "<group>";
		};
		ABA6F94B2201EFE700E6F98A /* View */ = {
			isa = PBXGroup;
			children = (
				ABA6F9382201CFD200E6F98A /* Main.storyboard */,
			);
			path = View;
			sourceTree = "<group>";
		};
		ABA6F94D2201EFFB00E6F98A /* Controller */ = {
			isa = PBXGroup;
			children = (
				ABA6F9362201CFD200E6F98A /* ViewController.swift */,
			);
			path = Controller;
			sourceTree = "<group>";
		};
		ABA6F94E2201F07500E6F98A /* Ressources */ = {
			isa = PBXGroup;
			children = (
				ABA6F93D2201CFD300E6F98A /* LaunchScreen.storyboard */,
				ABA6F9482201ECE200E6F98A /* Assets.xcassets */,
				ABA6F9342201CFD200E6F98A /* AppDelegate.swift */,
				ABA6F9402201CFD300E6F98A /* Info.plist */,
				ABA6F9462201E6D700E6F98A /* Balham.otf */,
			);
			path = Ressources;
			sourceTree = "<group>";
		};
/* End PBXGroup section */

/* Begin PBXNativeTarget section */
		ABA6F9302201CFD200E6F98A /* Qizzy */ = {
			isa = PBXNativeTarget;
			buildConfigurationList = ABA6F9432201CFD300E6F98A /* Build configuration list for PBXNativeTarget "Qizzy" */;
			buildPhases = (
				ABA6F92D2201CFD200E6F98A /* Sources */,
				ABA6F92E2201CFD200E6F98A /* Frameworks */,
				ABA6F92F2201CFD200E6F98A /* Resources */,
			);
			buildRules = (
			);
			dependencies = (
			);
			name = Qizzy;
			productName = Qizzy;
			productReference = ABA6F9312201CFD200E6F98A /* Qizzy.app */;
			productType = "com.apple.product-type.application";
		};
/* End PBXNativeTarget section */

/* Begin PBXProject section */
		ABA6F9292201CFD200E6F98A /* Project object */ = {
			isa = PBXProject;
			attributes = {
				LastSwiftUpdateCheck = 1010;
				LastUpgradeCheck = 1010;
				ORGANIZATIONNAME = iFlash;
				TargetAttributes = {
					ABA6F9302201CFD200E6F98A = {
						CreatedOnToolsVersion = 10.1;
					};
				};
			};
			buildConfigurationList = ABA6F92C2201CFD200E6F98A /* Build configuration list for PBXProject "Qizzy" */;
			compatibilityVersion = "Xcode 9.3";
			developmentRegion = en;
			hasScannedForEncodings = 0;
			knownRegions = (
				en,
				Base,
			);
			mainGroup = ABA6F9282201CFD200E6F98A;
			productRefGroup = ABA6F9322201CFD200E6F98A /* Products */;
			projectDirPath = "";
			projectRoot = "";
			targets = (
				ABA6F9302201CFD200E6F98A /* Qizzy */,
			);
		};
/* End PBXProject section */

/* Begin PBXResourcesBuildPhase section */
		ABA6F92F2201CFD200E6F98A /* Resources */ = {
			isa = PBXResourcesBuildPhase;
			buildActionMask = 2147483647;
			files = (
				ABA6F93F2201CFD300E6F98A /* LaunchScreen.storyboard in Resources */,
				ABA6F9472201E6D700E6F98A /* Balham.otf in Resources */,
				ABA6F9492201ECE200E6F98A /* Assets.xcassets in Resources */,
				ABA6F93A2201CFD200E6F98A /* Main.storyboard in Resources */,
			);
			runOnlyForDeploymentPostprocessing = 0;
		};
/* End PBXResourcesBuildPhase section */

/* Begin PBXSourcesBuildPhase section */
		ABA6F92D2201CFD200E6F98A /* Sources */ = {
			isa = PBXSourcesBuildPhase;
			buildActionMask = 2147483647;
			files = (
				ABA6F9502201F18000E6F98A /* Question.swift in Sources */,
				ABA6F9372201CFD200E6F98A /* ViewController.swift in Sources */,
				ABA6F9352201CFD200E6F98A /* AppDelegate.swift in Sources */,
			);
			runOnlyForDeploymentPostprocessing = 0;
		};
/* End PBXSourcesBuildPhase section */

/* Begin PBXVariantGroup section */
		ABA6F9382201CFD200E6F98A /* Main.storyboard */ = {
			isa = PBXVariantGroup;
			children = (
				ABA6F9392201CFD200E6F98A /* Base */,
			);
			name = Main.storyboard;
			sourceTree = "<group>";
		};
		ABA6F93D2201CFD300E6F98A /* LaunchScreen.storyboard */ = {
			isa = PBXVariantGroup;
			children = (
				ABA6F93E2201CFD300E6F98A /* Base */,
			);
			name = LaunchScreen.storyboard;
			sourceTree = "<group>";
		};
/* End PBXVariantGroup section */

/* Begin XCBuildConfiguration section */
		ABA6F9412201CFD300E6F98A /* Debug */ = {
			isa = XCBuildConfiguration;
			buildSettings = {
				ALWAYS_SEARCH_USER_PATHS = NO;
				CLANG_ANALYZER_NONNULL = YES;
				CLANG_ANALYZER_NUMBER_OBJECT_CONVERSION = YES_AGGRESSIVE;
				CLANG_CXX_LANGUAGE_STANDARD = "gnu++14";
				CLANG_CXX_LIBRARY = "libc++";
				CLANG_ENABLE_MODULES = YES;
				CLANG_ENABLE_OBJC_ARC = YES;
				CLANG_ENABLE_OBJC_WEAK = YES;
				CLANG_WARN_BLOCK_CAPTURE_AUTORELEASING = YES;
				CLANG_WARN_BOOL_CONVERSION = YES;
				CLANG_WARN_COMMA = YES;
				CLANG_WARN_CONSTANT_CONVERSION = YES;
				CLANG_WARN_DEPRECATED_OBJC_IMPLEMENTATIONS = YES;
				CLANG_WARN_DIRECT_OBJC_ISA_USAGE = YES_ERROR;
				CLANG_WARN_DOCUMENTATION_COMMENTS = YES;
				CLANG_WARN_EMPTY_BODY = YES;
				CLANG_WARN_ENUM_CONVERSION = YES;
				CLANG_WARN_INFINITE_RECURSION = YES;
				CLANG_WARN_INT_CONVERSION = YES;
				CLANG_WARN_NON_LITERAL_NULL_CONVERSION = YES;
				CLANG_WARN_OBJC_IMPLICIT_RETAIN_SELF = YES;
				CLANG_WARN_OBJC_LITERAL_CONVERSION = YES;
				CLANG_WARN_OBJC_ROOT_CLASS = YES_ERROR;
				CLANG_WARN_RANGE_LOOP_ANALYSIS = YES;
				CLANG_WARN_STRICT_PROTOTYPES = YES;
				CLANG_WARN_SUSPICIOUS_MOVE = YES;
				CLANG_WARN_UNGUARDED_AVAILABILITY = YES_AGGRESSIVE;
				CLANG_WARN_UNREACHABLE_CODE = YES;
				CLANG_WARN__DUPLICATE_METHOD_MATCH = YES;
				CODE_SIGN_IDENTITY = "iPhone Developer";
				COPY_PHASE_STRIP = NO;
				DEBUG_INFORMATION_FORMAT = dwarf;
				ENABLE_STRICT_OBJC_MSGSEND = YES;
				ENABLE_TESTABILITY = YES;
				GCC_C_LANGUAGE_STANDARD = gnu11;
				GCC_DYNAMIC_NO_PIC = NO;
				GCC_NO_COMMON_BLOCKS = YES;
				GCC_OPTIMIZATION_LEVEL = 0;
				GCC_PREPROCESSOR_DEFINITIONS = (
					"DEBUG=1",
					"$(inherited)",
				);
				GCC_WARN_64_TO_32_BIT_CONVERSION = YES;
				GCC_WARN_ABOUT_RETURN_TYPE = YES_ERROR;
				GCC_WARN_UNDECLARED_SELECTOR = YES;
				GCC_WARN_UNINITIALIZED_AUTOS = YES_AGGRESSIVE;
				GCC_WARN_UNUSED_FUNCTION = YES;
				GCC_WARN_UNUSED_VARIABLE = YES;
				IPHONEOS_DEPLOYMENT_TARGET = 12.1;
				MTL_ENABLE_DEBUG_INFO = INCLUDE_SOURCE;
				MTL_FAST_MATH = YES;
				ONLY_ACTIVE_ARCH = YES;
				SDKROOT = iphoneos;
				SWIFT_ACTIVE_COMPILATION_CONDITIONS = DEBUG;
				SWIFT_OPTIMIZATION_LEVEL = "-Onone";
			};
			name = Debug;
		};
		ABA6F9422201CFD300E6F98A /* Release */ = {
			isa = XCBuildConfiguration;
			buildSettings = {
				ALWAYS_SEARCH_USER_PATHS = NO;
				CLANG_ANALYZER_NONNULL = YES;
				CLANG_ANALYZER_NUMBER_OBJECT_CONVERSION = YES_AGGRESSIVE;
				CLANG_CXX_LANGUAGE_STANDARD = "gnu++14";
				CLANG_CXX_LIBRARY = "libc++";
				CLANG_ENABLE_MODULES = YES;
				CLANG_ENABLE_OBJC_ARC = YES;
				CLANG_ENABLE_OBJC_WEAK = YES;
				CLANG_WARN_BLOCK_CAPTURE_AUTORELEASING = YES;
				CLANG_WARN_BOOL_CONVERSION = YES;
				CLANG_WARN_COMMA = YES;
				CLANG_WARN_CONSTANT_CONVERSION = YES;
				CLANG_WARN_DEPRECATED_OBJC_IMPLEMENTATIONS = YES;
				CLANG_WARN_DIRECT_OBJC_ISA_USAGE = YES_ERROR;
				CLANG_WARN_DOCUMENTATION_COMMENTS = YES;
				CLANG_WARN_EMPTY_BODY = YES;
				CLANG_WARN_ENUM_CONVERSION = YES;
				CLANG_WARN_INFINITE_RECURSION = YES;
				CLANG_WARN_INT_CONVERSION = YES;
				CLANG_WARN_NON_LITERAL_NULL_CONVERSION = YES;
				CLANG_WARN_OBJC_IMPLICIT_RETAIN_SELF = YES;
				CLANG_WARN_OBJC_LITERAL_CONVERSION = YES;
				CLANG_WARN_OBJC_ROOT_CLASS = YES_ERROR;
				CLANG_WARN_RANGE_LOOP_ANALYSIS = YES;
				CLANG_WARN_STRICT_PROTOTYPES = YES;
				CLANG_WARN_SUSPICIOUS_MOVE = YES;
				CLANG_WARN_UNGUARDED_AVAILABILITY = YES_AGGRESSIVE;
				CLANG_WARN_UNREACHABLE_CODE = YES;
				CLANG_WARN__DUPLICATE_METHOD_MATCH = YES;
				CODE_SIGN_IDENTITY = "iPhone Developer";
				COPY_PHASE_STRIP = NO;
				DEBUG_INFORMATION_FORMAT = "dwarf-with-dsym";
				ENABLE_NS_ASSERTIONS = NO;
				ENABLE_STRICT_OBJC_MSGSEND = YES;
				GCC_C_LANGUAGE_STANDARD = gnu11;
				GCC_NO_COMMON_BLOCKS = YES;
				GCC_WARN_64_TO_32_BIT_CONVERSION = YES;
				GCC_WARN_ABOUT_RETURN_TYPE = YES_ERROR;
				GCC_WARN_UNDECLARED_SELECTOR = YES;
				GCC_WARN_UNINITIALIZED_AUTOS = YES_AGGRESSIVE;
				GCC_WARN_UNUSED_FUNCTION = YES;
				GCC_WARN_UNUSED_VARIABLE = YES;
				IPHONEOS_DEPLOYMENT_TARGET = 12.1;
				MTL_ENABLE_DEBUG_INFO = NO;
				MTL_FAST_MATH = YES;
				SDKROOT = iphoneos;
				SWIFT_COMPILATION_MODE = wholemodule;
				SWIFT_OPTIMIZATION_LEVEL = "-O";
				VALIDATE_PRODUCT = YES;
			};
			name = Release;
		};
		ABA6F9442201CFD300E6F98A /* Debug */ = {
			isa = XCBuildConfiguration;
			buildSettings = {
				ASSETCATALOG_COMPILER_APPICON_NAME = AppIcon;
				CODE_SIGN_STYLE = Automatic;
				DEVELOPMENT_TEAM = 9Y39GPHY9L;
				INFOPLIST_FILE = Qizzy/Info.plist;
				LD_RUNPATH_SEARCH_PATHS = (
					"$(inherited)",
					"@executable_path/Frameworks",
				);
				PRODUCT_BUNDLE_IDENTIFIER = com.iflash.Qizzy;
				PRODUCT_NAME = "$(TARGET_NAME)";
				SWIFT_VERSION = 4.2;
				TARGETED_DEVICE_FAMILY = "1,2";
			};
			name = Debug;
		};
		ABA6F9452201CFD300E6F98A /* Release */ = {
			isa = XCBuildConfiguration;
			buildSettings = {
				ASSETCATALOG_COMPILER_APPICON_NAME = AppIcon;
				CODE_SIGN_STYLE = Automatic;
				DEVELOPMENT_TEAM = 9Y39GPHY9L;
				INFOPLIST_FILE = Qizzy/Info.plist;
				LD_RUNPATH_SEARCH_PATHS = (
					"$(inherited)",
					"@executable_path/Frameworks",
				);
				PRODUCT_BUNDLE_IDENTIFIER = com.iflash.Qizzy;
				PRODUCT_NAME = "$(TARGET_NAME)";
				SWIFT_VERSION = 4.2;
				TARGETED_DEVICE_FAMILY = "1,2";
			};
			name = Release;
		};
/* End XCBuildConfiguration section */

/* Begin XCConfigurationList section */
		ABA6F92C2201CFD200E6F98A /* Build configuration list for PBXProject "Qizzy" */ = {
			isa = XCConfigurationList;
			buildConfigurations = (
				ABA6F9412201CFD300E6F98A /* Debug */,
				ABA6F9422201CFD300E6F98A /* Release */,
			);
			defaultConfigurationIsVisible = 0;
			defaultConfigurationName = Release;
		};
		ABA6F9432201CFD300E6F98A /* Build configuration list for PBXNativeTarget "Qizzy" */ = {
			isa = XCConfigurationList;
			buildConfigurations = (
				ABA6F9442201CFD300E6F98A /* Debug */,
				ABA6F9452201CFD300E6F98A /* Release */,
			);
			defaultConfigurationIsVisible = 0;
			defaultConfigurationName = Release;
		};
/* End XCConfigurationList section */
	};
	rootObject = ABA6F9292201CFD200E6F98A /* Project object */;
}
