// !$*UTF8*$!
{
	archiveVersion = 1;
	classes = {
	};
	objectVersion = 50;
	objects = {

/* Begin PBXBuildFile section */
		ABFADE9F2209F8BC00DDCA86 /* AppDelegate.swift in Sources */ = {isa = PBXBuildFile; fileRef = ABFADE9E2209F8BC00DDCA86 /* AppDelegate.swift */; };
		ABFADEA12209F8BC00DDCA86 /* ViewController.swift in Sources */ = {isa = PBXBuildFile; fileRef = ABFADEA02209F8BC00DDCA86 /* ViewController.swift */; };
		ABFADEA42209F8BC00DDCA86 /* Main.storyboard in Resources */ = {isa = PBXBuildFile; fileRef = ABFADEA22209F8BC00DDCA86 /* Main.storyboard */; };
		ABFADEA62209F8BD00DDCA86 /* Assets.xcassets in Resources */ = {isa = PBXBuildFile; fileRef = ABFADEA52209F8BD00DDCA86 /* Assets.xcassets */; };
		ABFADEA92209F8BD00DDCA86 /* LaunchScreen.storyboard in Resources */ = {isa = PBXBuildFile; fileRef = ABFADEA72209F8BD00DDCA86 /* LaunchScreen.storyboard */; };
		ABFADEB12209FC6400DDCA86 /* GoalManager.swift in Sources */ = {isa = PBXBuildFile; fileRef = ABFADEB02209FC6400DDCA86 /* GoalManager.swift */; };
/* End PBXBuildFile section */

/* Begin PBXFileReference section */
		ABFADE9B2209F8BC00DDCA86 /* Quick Memo.app */ = {isa = PBXFileReference; explicitFileType = wrapper.application; includeInIndex = 0; path = "Quick Memo.app"; sourceTree = BUILT_PRODUCTS_DIR; };
		ABFADE9E2209F8BC00DDCA86 /* AppDelegate.swift */ = {isa = PBXFileReference; lastKnownFileType = sourcecode.swift; path = AppDelegate.swift; sourceTree = "<group>"; };
		ABFADEA02209F8BC00DDCA86 /* ViewController.swift */ = {isa = PBXFileReference; lastKnownFileType = sourcecode.swift; path = ViewController.swift; sourceTree = "<group>"; };
		ABFADEA32209F8BC00DDCA86 /* Base */ = {isa = PBXFileReference; lastKnownFileType = file.storyboard; name = Base; path = Base.lproj/Main.storyboard; sourceTree = "<group>"; };
		ABFADEA52209F8BD00DDCA86 /* Assets.xcassets */ = {isa = PBXFileReference; lastKnownFileType = folder.assetcatalog; path = Assets.xcassets; sourceTree = "<group>"; };
		ABFADEA82209F8BD00DDCA86 /* Base */ = {isa = PBXFileReference; lastKnownFileType = file.storyboard; name = Base; path = Base.lproj/LaunchScreen.storyboard; sourceTree = "<group>"; };
		ABFADEAA2209F8BD00DDCA86 /* Info.plist */ = {isa = PBXFileReference; lastKnownFileType = text.plist.xml; path = Info.plist; sourceTree = "<group>"; };
		ABFADEB02209FC6400DDCA86 /* GoalManager.swift */ = {isa = PBXFileReference; lastKnownFileType = sourcecode.swift; path = GoalManager.swift; sourceTree = "<group>"; };
/* End PBXFileReference section */

/* Begin PBXFrameworksBuildPhase section */
		ABFADE982209F8BC00DDCA86 /* Frameworks */ = {
			isa = PBXFrameworksBuildPhase;
			buildActionMask = 2147483647;
			files = (
			);
			runOnlyForDeploymentPostprocessing = 0;
		};
/* End PBXFrameworksBuildPhase section */

/* Begin PBXGroup section */
		ABFADE922209F8BB00DDCA86 = {
			isa = PBXGroup;
			children = (
				ABFADE9D2209F8BC00DDCA86 /* Quick Memo */,
				ABFADE9C2209F8BC00DDCA86 /* Products */,
			);
			sourceTree = "<group>";
		};
		ABFADE9C2209F8BC00DDCA86 /* Products */ = {
			isa = PBXGroup;
			children = (
				ABFADE9B2209F8BC00DDCA86 /* Quick Memo.app */,
			);
			name = Products;
			sourceTree = "<group>";
		};
		ABFADE9D2209F8BC00DDCA86 /* Quick Memo */ = {
			isa = PBXGroup;
			children = (
				ABFADE9E2209F8BC00DDCA86 /* AppDelegate.swift */,
				ABFADEA02209F8BC00DDCA86 /* ViewController.swift */,
				ABFADEA22209F8BC00DDCA86 /* Main.storyboard */,
				ABFADEA52209F8BD00DDCA86 /* Assets.xcassets */,
				ABFADEA72209F8BD00DDCA86 /* LaunchScreen.storyboard */,
				ABFADEAA2209F8BD00DDCA86 /* Info.plist */,
				ABFADEB02209FC6400DDCA86 /* GoalManager.swift */,
			);
			path = "Quick Memo";
			sourceTree = "<group>";
		};
/* End PBXGroup section */

/* Begin PBXNativeTarget section */
		ABFADE9A2209F8BC00DDCA86 /* Quick Memo */ = {
			isa = PBXNativeTarget;
			buildConfigurationList = ABFADEAD2209F8BD00DDCA86 /* Build configuration list for PBXNativeTarget "Quick Memo" */;
			buildPhases = (
				ABFADE972209F8BC00DDCA86 /* Sources */,
				ABFADE982209F8BC00DDCA86 /* Frameworks */,
				ABFADE992209F8BC00DDCA86 /* Resources */,
			);
			buildRules = (
			);
			dependencies = (
			);
			name = "Quick Memo";
			productName = "Quick Memo";
			productReference = ABFADE9B2209F8BC00DDCA86 /* Quick Memo.app */;
			productType = "com.apple.product-type.application";
		};
/* End PBXNativeTarget section */

/* Begin PBXProject section */
		ABFADE932209F8BB00DDCA86 /* Project object */ = {
			isa = PBXProject;
			attributes = {
				LastSwiftUpdateCheck = 1010;
				LastUpgradeCheck = 1010;
				ORGANIZATIONNAME = iFlash;
				TargetAttributes = {
					ABFADE9A2209F8BC00DDCA86 = {
						CreatedOnToolsVersion = 10.1;
					};
				};
			};
			buildConfigurationList = ABFADE962209F8BB00DDCA86 /* Build configuration list for PBXProject "Quick Memo" */;
			compatibilityVersion = "Xcode 9.3";
			developmentRegion = en;
			hasScannedForEncodings = 0;
			knownRegions = (
				en,
				Base,
			);
			mainGroup = ABFADE922209F8BB00DDCA86;
			productRefGroup = ABFADE9C2209F8BC00DDCA86 /* Products */;
			projectDirPath = "";
			projectRoot = "";
			targets = (
				ABFADE9A2209F8BC00DDCA86 /* Quick Memo */,
			);
		};
/* End PBXProject section */

/* Begin PBXResourcesBuildPhase section */
		ABFADE992209F8BC00DDCA86 /* Resources */ = {
			isa = PBXResourcesBuildPhase;
			buildActionMask = 2147483647;
			files = (
				ABFADEA92209F8BD00DDCA86 /* LaunchScreen.storyboard in Resources */,
				ABFADEA62209F8BD00DDCA86 /* Assets.xcassets in Resources */,
				ABFADEA42209F8BC00DDCA86 /* Main.storyboard in Resources */,
			);
			runOnlyForDeploymentPostprocessing = 0;
		};
/* End PBXResourcesBuildPhase section */

/* Begin PBXSourcesBuildPhase section */
		ABFADE972209F8BC00DDCA86 /* Sources */ = {
			isa = PBXSourcesBuildPhase;
			buildActionMask = 2147483647;
			files = (
				ABFADEA12209F8BC00DDCA86 /* ViewController.swift in Sources */,
				ABFADEB12209FC6400DDCA86 /* GoalManager.swift in Sources */,
				ABFADE9F2209F8BC00DDCA86 /* AppDelegate.swift in Sources */,
			);
			runOnlyForDeploymentPostprocessing = 0;
		};
/* End PBXSourcesBuildPhase section */

/* Begin PBXVariantGroup section */
		ABFADEA22209F8BC00DDCA86 /* Main.storyboard */ = {
			isa = PBXVariantGroup;
			children = (
				ABFADEA32209F8BC00DDCA86 /* Base */,
			);
			name = Main.storyboard;
			sourceTree = "<group>";
		};
		ABFADEA72209F8BD00DDCA86 /* LaunchScreen.storyboard */ = {
			isa = PBXVariantGroup;
			children = (
				ABFADEA82209F8BD00DDCA86 /* Base */,
			);
			name = LaunchScreen.storyboard;
			sourceTree = "<group>";
		};
/* End PBXVariantGroup section */

/* Begin XCBuildConfiguration section */
		ABFADEAB2209F8BD00DDCA86 /* Debug */ = {
			isa = XCBuildConfiguration;
			buildSettings = {
				ALWAYS_SEARCH_USER_PATHS = NO;
				CLANG_ANALYZER_NONNULL = YES;
				CLANG_ANALYZER_NUMBER_OBJECT_CONVERSION = YES_AGGRESSIVE;
				CLANG_CXX_LANGUAGE_STANDARD = "gnu++14";
				CLANG_CXX_LIBRARY = "libc++";
				CLANG_ENABLE_MODULES = YES;
				CLANG_ENABLE_OBJC_ARC = YES;
				CLANG_ENABLE_OBJC_WEAK = YES;
				CLANG_WARN_BLOCK_CAPTURE_AUTORELEASING = YES;
				CLANG_WARN_BOOL_CONVERSION = YES;
				CLANG_WARN_COMMA = YES;
				CLANG_WARN_CONSTANT_CONVERSION = YES;
				CLANG_WARN_DEPRECATED_OBJC_IMPLEMENTATIONS = YES;
				CLANG_WARN_DIRECT_OBJC_ISA_USAGE = YES_ERROR;
				CLANG_WARN_DOCUMENTATION_COMMENTS = YES;
				CLANG_WARN_EMPTY_BODY = YES;
				CLANG_WARN_ENUM_CONVERSION = YES;
				CLANG_WARN_INFINITE_RECURSION = YES;
				CLANG_WARN_INT_CONVERSION = YES;
				CLANG_WARN_NON_LITERAL_NULL_CONVERSION = YES;
				CLANG_WARN_OBJC_IMPLICIT_RETAIN_SELF = YES;
				CLANG_WARN_OBJC_LITERAL_CONVERSION = YES;
				CLANG_WARN_OBJC_ROOT_CLASS = YES_ERROR;
				CLANG_WARN_RANGE_LOOP_ANALYSIS = YES;
				CLANG_WARN_STRICT_PROTOTYPES = YES;
				CLANG_WARN_SUSPICIOUS_MOVE = YES;
				CLANG_WARN_UNGUARDED_AVAILABILITY = YES_AGGRESSIVE;
				CLANG_WARN_UNREACHABLE_CODE = YES;
				CLANG_WARN__DUPLICATE_METHOD_MATCH = YES;
				CODE_SIGN_IDENTITY = "iPhone Developer";
				COPY_PHASE_STRIP = NO;
				DEBUG_INFORMATION_FORMAT = dwarf;
				ENABLE_STRICT_OBJC_MSGSEND = YES;
				ENABLE_TESTABILITY = YES;
				GCC_C_LANGUAGE_STANDARD = gnu11;
				GCC_DYNAMIC_NO_PIC = NO;
				GCC_NO_COMMON_BLOCKS = YES;
				GCC_OPTIMIZATION_LEVEL = 0;
				GCC_PREPROCESSOR_DEFINITIONS = (
					"DEBUG=1",
					"$(inherited)",
				);
				GCC_WARN_64_TO_32_BIT_CONVERSION = YES;
				GCC_WARN_ABOUT_RETURN_TYPE = YES_ERROR;
				GCC_WARN_UNDECLARED_SELECTOR = YES;
				GCC_WARN_UNINITIALIZED_AUTOS = YES_AGGRESSIVE;
				GCC_WARN_UNUSED_FUNCTION = YES;
				GCC_WARN_UNUSED_VARIABLE = YES;
				IPHONEOS_DEPLOYMENT_TARGET = 12.1;
				MTL_ENABLE_DEBUG_INFO = INCLUDE_SOURCE;
				MTL_FAST_MATH = YES;
				ONLY_ACTIVE_ARCH = YES;
				SDKROOT = iphoneos;
				SWIFT_ACTIVE_COMPILATION_CONDITIONS = DEBUG;
				SWIFT_OPTIMIZATION_LEVEL = "-Onone";
			};
			name = Debug;
		};
		ABFADEAC2209F8BD00DDCA86 /* Release */ = {
			isa = XCBuildConfiguration;
			buildSettings = {
				ALWAYS_SEARCH_USER_PATHS = NO;
				CLANG_ANALYZER_NONNULL = YES;
				CLANG_ANALYZER_NUMBER_OBJECT_CONVERSION = YES_AGGRESSIVE;
				CLANG_CXX_LANGUAGE_STANDARD = "gnu++14";
				CLANG_CXX_LIBRARY = "libc++";
				CLANG_ENABLE_MODULES = YES;
				CLANG_ENABLE_OBJC_ARC = YES;
				CLANG_ENABLE_OBJC_WEAK = YES;
				CLANG_WARN_BLOCK_CAPTURE_AUTORELEASING = YES;
				CLANG_WARN_BOOL_CONVERSION = YES;
				CLANG_WARN_COMMA = YES;
				CLANG_WARN_CONSTANT_CONVERSION = YES;
				CLANG_WARN_DEPRECATED_OBJC_IMPLEMENTATIONS = YES;
				CLANG_WARN_DIRECT_OBJC_ISA_USAGE = YES_ERROR;
				CLANG_WARN_DOCUMENTATION_COMMENTS = YES;
				CLANG_WARN_EMPTY_BODY = YES;
				CLANG_WARN_ENUM_CONVERSION = YES;
				CLANG_WARN_INFINITE_RECURSION = YES;
				CLANG_WARN_INT_CONVERSION = YES;
				CLANG_WARN_NON_LITERAL_NULL_CONVERSION = YES;
				CLANG_WARN_OBJC_IMPLICIT_RETAIN_SELF = YES;
				CLANG_WARN_OBJC_LITERAL_CONVERSION = YES;
				CLANG_WARN_OBJC_ROOT_CLASS = YES_ERROR;
				CLANG_WARN_RANGE_LOOP_ANALYSIS = YES;
				CLANG_WARN_STRICT_PROTOTYPES = YES;
				CLANG_WARN_SUSPICIOUS_MOVE = YES;
				CLANG_WARN_UNGUARDED_AVAILABILITY = YES_AGGRESSIVE;
				CLANG_WARN_UNREACHABLE_CODE = YES;
				CLANG_WARN__DUPLICATE_METHOD_MATCH = YES;
				CODE_SIGN_IDENTITY = "iPhone Developer";
				COPY_PHASE_STRIP = NO;
				DEBUG_INFORMATION_FORMAT = "dwarf-with-dsym";
				ENABLE_NS_ASSERTIONS = NO;
				ENABLE_STRICT_OBJC_MSGSEND = YES;
				GCC_C_LANGUAGE_STANDARD = gnu11;
				GCC_NO_COMMON_BLOCKS = YES;
				GCC_WARN_64_TO_32_BIT_CONVERSION = YES;
				GCC_WARN_ABOUT_RETURN_TYPE = YES_ERROR;
				GCC_WARN_UNDECLARED_SELECTOR = YES;
				GCC_WARN_UNINITIALIZED_AUTOS = YES_AGGRESSIVE;
				GCC_WARN_UNUSED_FUNCTION = YES;
				GCC_WARN_UNUSED_VARIABLE = YES;
				IPHONEOS_DEPLOYMENT_TARGET = 12.1;
				MTL_ENABLE_DEBUG_INFO = NO;
				MTL_FAST_MATH = YES;
				SDKROOT = iphoneos;
				SWIFT_COMPILATION_MODE = wholemodule;
				SWIFT_OPTIMIZATION_LEVEL = "-O";
				VALIDATE_PRODUCT = YES;
			};
			name = Release;
		};
		ABFADEAE2209F8BD00DDCA86 /* Debug */ = {
			isa = XCBuildConfiguration;
			buildSettings = {
				ASSETCATALOG_COMPILER_APPICON_NAME = AppIcon;
				CODE_SIGN_STYLE = Automatic;
				DEVELOPMENT_TEAM = 9Y39GPHY9L;
				INFOPLIST_FILE = "Quick Memo/Info.plist";
				LD_RUNPATH_SEARCH_PATHS = (
					"$(inherited)",
					"@executable_path/Frameworks",
				);
				PRODUCT_BUNDLE_IDENTIFIER = "com.iflash.Quick-Memo";
				PRODUCT_NAME = "$(TARGET_NAME)";
				SWIFT_VERSION = 4.2;
				TARGETED_DEVICE_FAMILY = "1,2";
			};
			name = Debug;
		};
		ABFADEAF2209F8BD00DDCA86 /* Release */ = {
			isa = XCBuildConfiguration;
			buildSettings = {
				ASSETCATALOG_COMPILER_APPICON_NAME = AppIcon;
				CODE_SIGN_STYLE = Automatic;
				DEVELOPMENT_TEAM = 9Y39GPHY9L;
				INFOPLIST_FILE = "Quick Memo/Info.plist";
				LD_RUNPATH_SEARCH_PATHS = (
					"$(inherited)",
					"@executable_path/Frameworks",
				);
				PRODUCT_BUNDLE_IDENTIFIER = "com.iflash.Quick-Memo";
				PRODUCT_NAME = "$(TARGET_NAME)";
				SWIFT_VERSION = 4.2;
				TARGETED_DEVICE_FAMILY = "1,2";
			};
			name = Release;
		};
/* End XCBuildConfiguration section */

/* Begin XCConfigurationList section */
		ABFADE962209F8BB00DDCA86 /* Build configuration list for PBXProject "Quick Memo" */ = {
			isa = XCConfigurationList;
			buildConfigurations = (
				ABFADEAB2209F8BD00DDCA86 /* Debug */,
				ABFADEAC2209F8BD00DDCA86 /* Release */,
			);
			defaultConfigurationIsVisible = 0;
			defaultConfigurationName = Release;
		};
		ABFADEAD2209F8BD00DDCA86 /* Build configuration list for PBXNativeTarget "Quick Memo" */ = {
			isa = XCConfigurationList;
			buildConfigurations = (
				ABFADEAE2209F8BD00DDCA86 /* Debug */,
				ABFADEAF2209F8BD00DDCA86 /* Release */,
			);
			defaultConfigurationIsVisible = 0;
			defaultConfigurationName = Release;
		};
/* End XCConfigurationList section */
	};
	rootObject = ABFADE932209F8BB00DDCA86 /* Project object */;
}
